# THIS IS AN AUTOGENERATED FILE. DO NOT EDIT THIS FILE DIRECTLY.
# yarn lockfile v1


esbuild@^0.12.24:
  version "0.12.24"
  resolved "https://registry.yarnpkg.com/esbuild/-/esbuild-0.12.24.tgz#21966fad25a80f368ed308101e88102bce0dc68f"
  integrity sha512-C0ibY+HsXzYB6L/pLWEiWjMpghKsIc58Q5yumARwBQsHl9DXPakW+5NI/Y9w4YXiz0PEP6XTGTT/OV4Nnsmb4A==
